{
    "_readme": [
        "This file locks the dependencies of your project to a known state",
        "Read more about it at https://getcomposer.org/doc/01-basic-usage.md#composer-lock-the-lock-file",
        "This file is @generated automatically"
    ],
    "hash": "b0ba9e30552e0a7b9f43f82818f8716a",
    "content-hash": "544ff6f81bff0fc568aca38ed64ad30d",
    "packages": [
        {
            "name": "whitehat101/apr1-md5",
            "version": "v1.0.0",
            "source": {
                "type": "git",
                "url": "https://github.com/whitehat101/apr1-md5.git",
                "reference": "8b261c9fc0481b4e9fa9d01c6ca70867b5d5e819"
            },
            "dist": {
                "type": "zip",
                "url": "https://api.github.com/repos/whitehat101/apr1-md5/zipball/8b261c9fc0481b4e9fa9d01c6ca70867b5d5e819",
                "reference": "8b261c9fc0481b4e9fa9d01c6ca70867b5d5e819",
                "shasum": ""
            },
            "require": {
                "php": ">=5.3.0"
            },
            "require-dev": {
                "phpunit/phpunit": "4.0.*"
            },
            "type": "library",
            "autoload": {
                "psr-4": {
                    "WhiteHat101\\Crypt\\": "src"
                }
            },
            "notification-url": "https://packagist.org/downloads/",
            "license": [
                "MIT"
            ],
            "authors": [
                {
                    "name": "Jeremy Ebler",
                    "email": "jebler@gmail.com"
                }
            ],
            "description": "Apache's APR1-MD5 algorithm in pure PHP",
            "homepage": "https://github.com/whitehat101/apr1-md5",
            "keywords": [
                "MD5",
                "apr1"
            ],
            "time": "2015-02-11 11:06:42"
        },
        {
            "name": "yubico/u2flib-server",
            "version": "1.0.0",
            "source": {
                "type": "git",
                "url": "https://github.com/Yubico/php-u2flib-server.git",
                "reference": "407eb21da24150aad30bcd8cc0ee72963eac5e9d"
            },
            "dist": {
                "type": "zip",
                "url": "https://api.github.com/repos/Yubico/php-u2flib-server/zipball/407eb21da24150aad30bcd8cc0ee72963eac5e9d",
                "reference": "407eb21da24150aad30bcd8cc0ee72963eac5e9d",
                "shasum": ""
            },
            "require": {
                "ext-openssl": "*"
            },
            "type": "library",
            "autoload": {
                "classmap": [
                    "src/"
                ]
            },
            "notification-url": "https://packagist.org/downloads/",
            "license": [
                "BSD-2-Clause"
            ],
            "description": "Library for U2F implementation",
            "homepage": "https://developers.yubico.com/php-u2flib-server",
            "time": "2016-02-19 09:47:51"
        }
    ],
    "packages-dev": [],
    "aliases": [],
    "minimum-stability": "stable",
    "stability-flags": [],
    "prefer-stable": false,
    "prefer-lowest": false,
    "platform": [],
    "platform-dev": []
}
